
Microsoft Visual Studio Solution File, Format Version 12.00
# Visual Studio Version 16
VisualStudioVersion = 16.0.30804.86
MinimumVisualStudioVersion = 10.0.40219.1
Project("{9A19103F-16F7-4668-BE54-9A1E7A4F7556}") = "Methods", "Methods.csproj", "{6C353F7C-9BCA-4D62-B4B5-AFDC1C91CA04}"
EndProject
Global
	GlobalSection(SolutionConfigurationPlatforms) = preSolution
		Debug|Any CPU = Debug|Any CPU
		Release|Any CPU = Release|Any CPU
	EndGlobalSection
	GlobalSection(ProjectConfigurationPlatforms) = postSolution
		{6C353F7C-9BCA-4D62-B4B5-AFDC1C91CA04}.Debug|Any CPU.ActiveCfg = Debug|Any CPU
		{6C353F7C-9BCA-4D62-B4B5-AFDC1C91CA04}.Debug|Any CPU.Build.0 = Debug|Any CPU
		{6C353F7C-9BCA-4D62-B4B5-AFDC1C91CA04}.Release|Any CPU.ActiveCfg = Release|Any CPU
		{6C353F7C-9BCA-4D62-B4B5-AFDC1C91CA04}.Release|Any CPU.Build.0 = Release|Any CPU
	EndGlobalSection
	GlobalSection(SolutionProperties) = preSolution
		HideSolutionNode = FALSE
	EndGlobalSection
	GlobalSection(ExtensibilityGlobals) = postSolution
		SolutionGuid = {0E61C9A5-2A60-4CEC-9011-F8A015C28AC3}
	EndGlobalSection
EndGlobal
